github.com/HugoBlox/hugo-blox-builder/modules/blox-plugin-netlify v1.2.1-0.20251201153614-630d1fd6f5dc h1:qZKPseJ5Wven7Bwx1gNitiBLPso7MKmlAXy0IGX1vFw=
github.com/HugoBlox/hugo-blox-builder/modules/blox-plugin-netlify v1.2.1-0.20251201153614-630d1fd6f5dc/go.mod h1:C7jfxMLv1bEUqbM9XDSmEpfOpS8w06OgqNDEcbuRgL4=
github.com/HugoBlox/hugo-blox-builder/modules/blox-plugin-reveal v1.2.4 h1:Y9moOoDf7yePBCUHrHwIQwpli/mZ7w0/WP9fvvu2oAA=
github.com/HugoBlox/hugo-blox-builder/modules/blox-plugin-reveal v1.2.4/go.mod h1:rc3iv07XFylONQor5A4GdjTffe4asUSdnC1VgzmQ5+s=
github.com/HugoBlox/hugo-blox-builder/modules/blox-tailwind v0.10.1-0.20251201153614-630d1fd6f5dc h1:8+C/Amrs8KLYcjf0TqIGkAi/neS2EySunFzHC389K28=
github.com/HugoBlox/hugo-blox-builder/modules/blox-tailwind v0.10.1-0.20251201153614-630d1fd6f5dc/go.mod h1:blQEm4Y+xVVX9OTVDnO+p0MwHTy3hQdpU6pZK659DiI=
